{
    "_meta": {
        "hash": {
            "sha256": "a77bd6caa7458dcec172c5592a96818fa18db79d74a6156e6a05402e30ff467f"
        },
        "host-environment-markers": {
            "implementation_name": "cpython",
            "implementation_version": "0",
            "os_name": "posix",
            "platform_machine": "i686",
            "platform_python_implementation": "CPython",
            "platform_release": "3.13.0-86-generic",
            "platform_system": "Linux",
            "platform_version": "#131-Ubuntu SMP Thu May 12 23:32:41 UTC 2016",
            "python_full_version": "2.7.6",
            "python_version": "2.7",
            "sys_platform": "linux2"
        },
        "pipfile-spec": 6,
        "requires": {},
        "sources": [
            {
                "url": "https://pypi.python.org/simple",
                "verify_ssl": true
            }
        ]
    },
    "default": {
        "astroid": {
            "hashes": [
                "sha256:39a21dd2b5d81a6731dc0ac2884fa419532dffd465cdd43ea6c168d36b76efb3",
                "sha256:492c2a2044adbf6a84a671b7522e9295ad2f6a7c781b899014308db25312dd35"
            ],
            "version": "==1.5.3"
        },
        "backports.functools-lru-cache": {
            "hashes": [
                "sha256:4ba998e881f285c1d1b73f5b6e3766539b4e162320f9589334400c5ddc35198c",
                "sha256:31f235852f88edc1558d428d890663c49eb4514ffec9f3650e7f3c9e4a12e36f"
            ],
            "markers": "python_version < '3.3'",
            "version": "==1.4"
        },
        "cachetools": {
            "hashes": [
                "sha256:4319bbb78172e7bcf99423e1ecd6914b32336ccfe97d2058ffe62e641a7f3abe",
                "sha256:ede01f2d3cbd6ddc9e35e16c2b0ce011d8bb70ce0dbaf282f5b4df24b213bc5d"
            ],
            "version": "==2.0.1"
        },
        "certifi": {
            "hashes": [
                "sha256:54a07c09c586b0e4c619f02a5e94e36619da8e2b053e20f594348c0611803704",
                "sha256:40523d2efb60523e113b44602298f0960e900388cf3bb6043f645cf57ea9e3f5"
            ],
            "version": "==2017.7.27.1"
        },
        "chardet": {
            "hashes": [
                "sha256:fc323ffcaeaed0e0a02bf4d117757b98aed530d9ed4531e3e15460124c106691",
                "sha256:84ab92ed1c4d4f16916e05906b6b75a6c0fb5db821cc65e70cbd64a3e2a5eaae"
            ],
            "version": "==3.0.4"
        },
        "configparser": {
            "hashes": [
                "sha256:5308b47021bc2340965c371f0f058cc6971a04502638d4244225c49d80db273a"
            ],
            "markers": "python_version == '2.7'",
            "version": "==3.5.0"
        },
        "dill": {
            "hashes": [
                "sha256:97fd758f5fe742d42b11ec8318ecfcff8776bccacbfcec05dfd6276f5d450f73"
            ],
            "version": "==0.2.7.1"
        },
        "enum34": {
            "hashes": [
                "sha256:6bd0f6ad48ec2aa117d3d141940d484deccda84d4fcd884f5c3d93c23ecd8c79",
                "sha256:644837f692e5f550741432dd3f223bbb9852018674981b1664e5dc339387588a",
                "sha256:8ad8c4783bf61ded74527bffb48ed9b54166685e4230386a9ed9b1279e2df5b1",
                "sha256:2d81cbbe0e73112bdfe6ef8576f2238f2ba27dd0d55752a776c41d38b7da2850"
            ],
            "markers": "python_version < '3.4'",
            "version": "==1.1.6"
        },
        "future": {
            "hashes": [
                "sha256:e39ced1ab767b5936646cedba8bcce582398233d6a627067d4c6a454c90cfedb"
            ],
            "version": "==0.16.0"
        },
        "futures": {
            "hashes": [
                "sha256:c4884a65654a7c45435063e14ae85280eb1f111d94e542396717ba9828c4337f",
                "sha256:51ecb45f0add83c806c68e4b06106f90db260585b25ef2abfcda0bd95c0132fd"
            ],
            "markers": "python_version < '3.2'",
            "version": "==3.1.1"
        },
        "google-auth": {
            "hashes": [
                "sha256:434b66a162880527917c013a55346541ed374e1acece8d4a28442e19f7a98b7e",
                "sha256:e00236a914906409367e96fdcf5c08aaca3ab5bd3aab0c5c5ea9255162640215"
            ],
            "version": "==1.1.1"
        },
        "google-cloud-core": {
            "hashes": [
                "sha256:05486972ceae281c1005918655313ad21a880bee6bdf74b8703c09afdab9a1f9",
                "sha256:1e52449feb72160a726798a085d7b0cf1d7b88d4b4af00f04d9ca9d6eb47847b"
            ],
            "version": "==0.27.1"
        },
        "google-cloud-speech": {
            "hashes": [
                "sha256:7c9894700f92d7d749123a68660e4d7d9448a36db0aeb1fab3ee6c0eed182e62",
                "sha256:1fbaa6d74fc38ccd6bf577d5dff2ade8bb5b2cb5e2d08125635edf4673b848ca"
            ],
            "version": "==0.29.0"
        },
        "google-gax": {
            "hashes": [
                "sha256:fd0b4dd937e70588d4b8c5ce6f2723f710f8aae7b248896c30b06df1e139c138"
            ],
            "version": "==0.15.15"
        },
        "googleapis-common-protos": {
            "hashes": [
                "sha256:c075eddaa2628ab519e01b7d75b76e66c40eaa50fc52758d8225f84708950ef2"
            ],
            "version": "==1.5.3"
        },
        "grpcio": {
            "hashes": [
                "sha256:2e58cd6c4d6e557ec223971364b45c49a44fc9d42e579b92678b5f2d50cf7876",
                "sha256:64df70124bed169f7fc595803c30bbb1edc8d87a237383f9c68bf835b2f25670",
                "sha256:2ab26ed2fbaa6292675a260307a5502e4526236c6d3fb282e4e88d8dc1cddcf6",
                "sha256:e390091f7114a1b3ba168388db306a98ba0c81e0f63261b1fccf8b1fc6fc0ebf",
                "sha256:af603f470b2fcd21150e5aeb23f2986d5d45ad53450851304bbc48af3d16f6b1",
                "sha256:436f27dc2ea0e3eaa0d14e0e2c2f2cd06b220bfa713501eaea03cf0e67500122",
                "sha256:6b9a4c43715d8ced9a617027ce2f38d60c71ff87008ad785d5d6e47659e63f71",
                "sha256:3e956e76b8afc5ec99ac9188cf23f925f67dff07ecb2e35cd0c1381e269c0697",
                "sha256:87f5cdd8f1d04a33240d964b732f4febf2e32bbaad9f9de628d15f328e74ebb4",
                "sha256:e223ac0d00a759303128bedf25e52f41b0c222749322f95fc1456a13d12476b2",
                "sha256:7713d4353a02fbe0c7a7fc015bf8649bf9b81ddaa5f208c11e147aee6f86e08a",
                "sha256:a533d5151a0e9f0633985c0091a80ff46ad91a99698dfb493a2f011d9d9c39f9",
                "sha256:1485120d7a28900dbec45111bd0c7eccbf20392e024f3199cfa7de083eca4f34",
                "sha256:aa6ea3ba14cdaea0f7f4f685d12225e0bc5539a49bd73799d8e5d3daea628f80",
                "sha256:e7fb85e840290aedb0e49003e9defa9648e12d7e91a864ca28850832915eb276",
                "sha256:69138ef46c30e58d50d1a2b9edbb153d039d13f27ade2bda2435011759ffd8df",
                "sha256:85d09d46adfce3c80a036f5696a16308c3ca539ca077200a77d6ba9cd65ae8e3",
                "sha256:f0f1809caa9edc811c018cfb855838d034fb65f6d34cb38eb097172c2e26542a",
                "sha256:1495ee356ca0da8ea2e586c39a732eb5121162b427ffc4520b65576d877436ec",
                "sha256:54d558a3d17049d4f56a6438f2d5b275422af3df8b7c3146015a9af9671a63a0",
                "sha256:fb90dff383728238801eb88c03f740a32bc475fb0618aca25d58caabd9bac72f",
                "sha256:5ea0f81f7f47d5024cf5ba38d0b78f17ec71951ad3061df337dee6ce24e22f5f",
                "sha256:1196317f93caaab620a158ac548175c3f2cf7d46947a4868690b75de56dae248",
                "sha256:ef6746dedf50c5825020ffbec155f48b3eeb3806da4363d49500d9d8dfa29c06",
                "sha256:f87da9782c7e7cee743c5bf0201f954c297b7e87b247153c0ece6005813ddee2",
                "sha256:ab4b5b9dd9f237bac54042670a99eed0f4424a094d51913a7d781623c93aa078",
                "sha256:a3a213a4c24b5c572b386d752e3b74a3f1b8fa5d03c07b6166fa39f3a6cdef34"
            ],
            "version": "==1.4.0"
        },
        "idna": {
            "hashes": [
                "sha256:8c7309c718f94b3a625cb648ace320157ad16ff131ae0af362c9f21b80ef6ec4",
                "sha256:2c6a5de3089009e3da7c5dde64a141dbc8551d5b7f6cf4ed7c2568d0cc520a8f"
            ],
            "version": "==2.6"
        },
        "isort": {
            "hashes": [
                "sha256:cd5d3fc2c16006b567a17193edf4ed9830d9454cbeb5a42ac80b36ea00c23db4",
                "sha256:79f46172d3a4e2e53e7016e663cc7a8b538bec525c36675fcfd2767df30b3983"
            ],
            "version": "==4.2.15"
        },
        "lazy-object-proxy": {
            "hashes": [
                "sha256:209615b0fe4624d79e50220ce3310ca1a9445fd8e6d3572a896e7f9146bbf019",
                "sha256:1b668120716eb7ee21d8a38815e5eb3bb8211117d9a90b0f8e21722c0758cc39",
                "sha256:cb924aa3e4a3fb644d0c463cad5bc2572649a6a3f68a7f8e4fbe44aaa6d77e4c",
                "sha256:2c1b21b44ac9beb0fc848d3993924147ba45c4ebc24be19825e57aabbe74a99e",
                "sha256:320ffd3de9699d3892048baee45ebfbbf9388a7d65d832d7e580243ade426d2b",
                "sha256:2df72ab12046a3496a92476020a1a0abf78b2a7db9ff4dc2036b8dd980203ae6",
                "sha256:27ea6fd1c02dcc78172a82fc37fcc0992a94e4cecf53cb6d73f11749825bd98b",
                "sha256:e5b9e8f6bda48460b7b143c3821b21b452cb3a835e6bbd5dd33aa0c8d3f5137d",
                "sha256:7661d401d60d8bf15bb5da39e4dd72f5d764c5aff5a86ef52a042506e3e970ff",
                "sha256:61a6cf00dcb1a7f0c773ed4acc509cb636af2d6337a08f362413c76b2b47a8dd",
                "sha256:bd6292f565ca46dee4e737ebcc20742e3b5be2b01556dafe169f6c65d088875f",
                "sha256:933947e8b4fbe617a51528b09851685138b49d511af0b6c0da2539115d6d4514",
                "sha256:d0fc7a286feac9077ec52a927fc9fe8fe2fabab95426722be4c953c9a8bede92",
                "sha256:7f3a2d740291f7f2c111d86a1c4851b70fb000a6c8883a59660d95ad57b9df35",
                "sha256:5276db7ff62bb7b52f77f1f51ed58850e315154249aceb42e7f4c611f0f847ff",
                "sha256:94223d7f060301b3a8c09c9b3bc3294b56b2188e7d8179c762a1cda72c979252",
                "sha256:6ae6c4cb59f199d8827c5a07546b2ab7e85d262acaccaacd49b62f53f7c456f7",
                "sha256:f460d1ceb0e4a5dcb2a652db0904224f367c9b3c1470d5a7683c0480e582468b",
                "sha256:e81ebf6c5ee9684be8f2c87563880f93eedd56dd2b6146d8a725b50b7e5adb0f",
                "sha256:81304b7d8e9c824d058087dcb89144842c8e0dea6d281c031f59f0acf66963d4",
                "sha256:ddc34786490a6e4ec0a855d401034cbd1242ef186c20d79d2166d6a4bd449577",
                "sha256:7bd527f36a605c914efca5d3d014170b2cb184723e423d26b1fb2fd9108e264d",
                "sha256:ab3ca49afcb47058393b0122428358d2fbe0408cf99f1b58b295cfeb4ed39109",
                "sha256:7cb54db3535c8686ea12e9535eb087d32421184eacc6939ef15ef50f83a5e7e2",
                "sha256:0ce34342b419bd8f018e6666bfef729aec3edf62345a53b537a4dcc115746a33",
                "sha256:e34b155e36fa9da7e1b7c738ed7767fc9491a62ec6af70fe9da4a057759edc2d",
                "sha256:50e3b9a464d5d08cc5227413db0d1c4707b6172e4d4d915c1c70e4de0bbff1f5",
                "sha256:27bf62cb2b1a2068d443ff7097ee33393f8483b570b475db8ebf7e1cba64f088",
                "sha256:eb91be369f945f10d3a49f5f9be8b3d0b93a4c2be8f8a5b83b0571b8123e0a7a"
            ],
            "version": "==1.3.1"
        },
        "mccabe": {
            "hashes": [
                "sha256:ab8a6258860da4b6677da4bd2fe5dc2c659cff31b3ee4f7f5d64e79735b80d42",
                "sha256:dd8d182285a0fe56bace7f45b5e7d1a6ebcbf524e8f3bd87eb0f125271b8831f"
            ],
            "version": "==0.6.1"
        },
        "ply": {
            "hashes": [
                "sha256:e7d1bdff026beb159c9942f7a17e102c375638d9478a7ecd4cc0c76afd8de0b8"
            ],
            "version": "==3.8"
        },
        "protobuf": {
            "hashes": [
                "sha256:9f3be25ad48b051186ee88f9567a3f3f548facd360e0cb62568e2736d9cfda11",
                "sha256:1fcb9b704bc2e30767352d86b2664d8f65f8ed49654d7a80e7a150739724e80a",
                "sha256:61dbf86993a9312c3a0816b5252079a3943856003bf0380fea3098c929084ad4",
                "sha256:5b816951df388f4ab2adbd3f9ae5619b9a5d7033d14b005c345dc3ee88a7faf4",
                "sha256:41c4555d9754b985352ce5289fa3ba6b21ed715f595111e46e2b90ca53112475",
                "sha256:36d871fa54ec039b9153e7cbae1fa52a7cfdcd8105e47fb7efc8292b131d0a5c",
                "sha256:4d4815467f8a61b06d648699842b233017b201f7a16275d680ec5480f10e30e9",
                "sha256:ef02609ef445987976a3a26bff77119c518e0915c96661c3a3b17856d0ef6374"
            ],
            "version": "==3.4.0"
        },
        "pyasn1": {
            "hashes": [
                "sha256:a1b5e7fb8ee082217576ac2e91ad2b5e4c590277fbe86b197b447424e7472f13",
                "sha256:72540e4846b0e1f659723558f63a62abe7106becb6ebb35c05b5f7803caa53e8",
                "sha256:686f0cbfa3f3587ab29a7e6477a587f4e72d74e6f5d8b8a14de7e47a53f2b345",
                "sha256:6f318b30b5592d2f69acb06ea79f557e01ee0acab9a83a0f3cf1747f637df550",
                "sha256:06afc633971ab80943f06b96d3d6314f461001c92418fc0cd682a8357a1db47f",
                "sha256:ac60ffbd5d2d3f9aeb7c73938526c4141da849dd57a7e1084864324aed9eb986",
                "sha256:fc6fec92d096b24aabd6f241817af14dabddbd5f3aef6c78f849614e6073bb7d",
                "sha256:4dd57f10fd90ac5e2da7fcbb08ba9d88acb1ab8b1ffa532b6934ae30b2dcdbe5",
                "sha256:5b1822324613a02a064a8baebbed02afbff1b9077ab5b761d6424c762c4f3de4",
                "sha256:bbc702abbec2da12eb726f9d534296bb2ad90fa1be977a0214ce157cede5eb26",
                "sha256:325b55a20bf9648ee9400a18aa8b13f6073e0d3057fc77b9778b743f27ccce8b",
                "sha256:f0380ea97db0ede095a0dd87ce3003d46c197191f924206e43f776fc77e51f09"
            ],
            "version": "==0.3.6"
        },
        "pyasn1-modules": {
            "hashes": [
                "sha256:ca3cdc5d8ecc97f78a202009512254bd7aeef77069405e9e834b45c48a26a4db",
                "sha256:2e39aead1602e4e5aa8b796260848f9383e51bea278edf7d2b4fb686944425fa",
                "sha256:641cc18cf56d4a60679804aa8ae8cbc7359b3fa2d5559df064ecfaca27d15b10",
                "sha256:7411e837c83ea4cb6088aa3bf63691d348454fcd9bb3d9cc342859282419bfcf",
                "sha256:529d5d509562c22877a53771c5b394d8102c98cd62f33bb5af23b475879ea6d5",
                "sha256:a24f5118f41af33f13fa0c7e8419fc7380dfe2d2f2dc0f554d928141c842f924",
                "sha256:ab7e23e45f32f0515e5a084eecaff22653bb6277d0d4229cb7369117abf33baa",
                "sha256:6ad0e6772af4b74bd63c78c0102ece7b6a775f764e395137968af575c20bbfc9",
                "sha256:34e1d014608ca4f8a0cc3164a5add93f4b8a04a3871b96d31a028ff36a6fe924",
                "sha256:beb3d344fee1fa68ddf36471c5d9120665ba049900d7fccbffa50c77036581de",
                "sha256:7930d0f6109a47f78e5fb88a4f7ed2bfa1073ec9ddb2657deffa92f0805568fb",
                "sha256:b07c17bdb34d6f64aafea6269f2e8fb306a57473f0f38d9a6ca389d6ab30ac4a"
            ],
            "version": "==0.1.4"
        },
        "pyaudio": {
            "hashes": [
                "sha256:f78d543a98b730e64621ebf7f3e2868a79ade0a373882ef51c0293455ffa8e6e",
                "sha256:259bb9c1363be895b4f9a97e320a6017dd06bc540728c1a04eb4a7b6fe75035b",
                "sha256:0d92f6a294565260a282f7c9a0b0d309fc8cc988b5ee5b50645634ab9e2da7f7",
                "sha256:589bfad2c615dd4b5d3757e763019c42ab82f06fba5cae64ec02fd7f5ae407ed",
                "sha256:8f89075b4844ea94dde0c951c2937581c989fabd4df09bfd3f075035f50955df",
                "sha256:cf1543ba50bd44ac0d0ab5c035bb9c3127eb76047ff12235149d9adf86f532b6",
                "sha256:51b558d1b28c68437b53218279110db44f69f3f5dd3d81859f569a4a96962bdc",
                "sha256:2a19bdb8ec1445b4f3e4b7b109e0e4cec1fd1f1ce588592aeb6db0b58d4fb3b0",
                "sha256:93bfde30e0b64e63a46f2fd77e85c41fd51182a4a3413d9edfaf9ffaa26efb74"
            ],
            "version": "==0.2.11"
        },
        "pylint": {
            "hashes": [
                "sha256:948679535a28afc54afb9210dabc6973305409042ece8e5768ca1409910c1ed8",
                "sha256:1f65b3815c3bf7524b845711d54c4242e4057dd93826586620239ecdfe591fb1"
            ],
            "version": "==1.7.4"
        },
        "requests": {
            "hashes": [
                "sha256:6a1b267aa90cac58ac3a765d067950e7dbbf75b1da07e895d1f594193a40a38b",
                "sha256:9c443e7324ba5b85070c4a818ade28bfabedf16ea10206da1132edaa6dda237e"
            ],
            "version": "==2.18.4"
        },
        "rsa": {
            "hashes": [
                "sha256:43f682fea81c452c98d09fc316aae12de6d30c4b5c84226642cf8f8fd1c93abd",
                "sha256:25df4e10c263fb88b5ace923dd84bf9aa7f5019687b5e55382ffcdb8bede9db5"
            ],
            "version": "==3.4.2"
        },
        "singledispatch": {
            "hashes": [
                "sha256:833b46966687b3de7f438c761ac475213e53b306740f1abfaa86e1d1aae56aa8",
                "sha256:5b06af87df13818d14f08a028e42f566640aef80805c3b50c5056b086e3c2b9c"
            ],
            "markers": "python_version < '3.4'",
            "version": "==3.4.0.3"
        },
        "six": {
            "hashes": [
                "sha256:0ff78c403d9bccf5a425a6d31a12aa6b47f1c21ca4dc2573a7e2f32a97335eb1",
                "sha256:105f8d68616f8248e24bf0e9372ef04d3cc10104f1980f54d57b2ce73a5ad56a"
            ],
            "version": "==1.10.0"
        },
        "urllib3": {
            "hashes": [
                "sha256:06330f386d6e4b195fbfc736b297f58c5a892e4440e54d294d7004e3a9bbea1b",
                "sha256:cc44da8e1145637334317feebd728bd869a35285b93cbb4cca2577da7e62db4f"
            ],
            "version": "==1.22"
        },
        "wrapt": {
            "hashes": [
                "sha256:d4d560d479f2c21e1b5443bbd15fe7ec4b37fe7e53d335d3b9b0a7b1226fe3c6"
            ],
            "version": "==1.10.11"
        }
    },
    "develop": {}
}
